
Microsoft Visual Studio Solution File, Format Version 12.00
# Visual Studio Version 16
VisualStudioVersion = 16.0.31129.286
MinimumVisualStudioVersion = 10.0.40219.1
Project("{FAE04EC0-301F-11D3-BF4B-00C04F79EFBC}") = "NetsSkeleton", "NetsSkeleton\NetsSkeleton.csproj", "{B1BB4403-5CB6-4544-9330-F3951D98F84B}"
EndProject
Global
	GlobalSection(SolutionConfigurationPlatforms) = preSolution
		Debug|Any CPU = Debug|Any CPU
		Release|Any CPU = Release|Any CPU
	EndGlobalSection
	GlobalSection(ProjectConfigurationPlatforms) = postSolution
		{B1BB4403-5CB6-4544-9330-F3951D98F84B}.Debug|Any CPU.ActiveCfg = Debug|Any CPU
		{B1BB4403-5CB6-4544-9330-F3951D98F84B}.Debug|Any CPU.Build.0 = Debug|Any CPU
		{B1BB4403-5CB6-4544-9330-F3951D98F84B}.Release|Any CPU.ActiveCfg = Release|Any CPU
		{B1BB4403-5CB6-4544-9330-F3951D98F84B}.Release|Any CPU.Build.0 = Release|Any CPU
	EndGlobalSection
	GlobalSection(SolutionProperties) = preSolution
		HideSolutionNode = FALSE
	EndGlobalSection
	GlobalSection(ExtensibilityGlobals) = postSolution
		SolutionGuid = {E9A0312D-437A-4F90-A10B-FF145FB31055}
	EndGlobalSection
EndGlobal
