
Microsoft Visual Studio Solution File, Format Version 12.00
# Visual Studio Version 16
VisualStudioVersion = 16.0.32228.343
MinimumVisualStudioVersion = 10.0.40219.1
Project("{FAE04EC0-301F-11D3-BF4B-00C04F79EFBC}") = "CleverenceTask2", "CleverenceTask2\CleverenceTask2.csproj", "{817E76C2-FC55-421C-BD92-F0AC5FE085A8}"
EndProject
Global
	GlobalSection(SolutionConfigurationPlatforms) = preSolution
		Debug|Any CPU = Debug|Any CPU
		Release|Any CPU = Release|Any CPU
	EndGlobalSection
	GlobalSection(ProjectConfigurationPlatforms) = postSolution
		{817E76C2-FC55-421C-BD92-F0AC5FE085A8}.Debug|Any CPU.ActiveCfg = Debug|Any CPU
		{817E76C2-FC55-421C-BD92-F0AC5FE085A8}.Debug|Any CPU.Build.0 = Debug|Any CPU
		{817E76C2-FC55-421C-BD92-F0AC5FE085A8}.Release|Any CPU.ActiveCfg = Release|Any CPU
		{817E76C2-FC55-421C-BD92-F0AC5FE085A8}.Release|Any CPU.Build.0 = Release|Any CPU
	EndGlobalSection
	GlobalSection(SolutionProperties) = preSolution
		HideSolutionNode = FALSE
	EndGlobalSection
	GlobalSection(ExtensibilityGlobals) = postSolution
		SolutionGuid = {C652658C-1E2F-4B71-8C22-897022D0380E}
	EndGlobalSection
EndGlobal
