
Microsoft Visual Studio Solution File, Format Version 12.00
# Visual Studio Version 16
VisualStudioVersion = 16.0.31129.286
MinimumVisualStudioVersion = 10.0.40219.1
Project("{FAE04EC0-301F-11D3-BF4B-00C04F79EFBC}") = "PP3", "PP3\PP3.csproj", "{46298F40-031E-495F-B8A8-07FD579EDEE7}"
EndProject
Global
	GlobalSection(SolutionConfigurationPlatforms) = preSolution
		Debug|Any CPU = Debug|Any CPU
		Release|Any CPU = Release|Any CPU
	EndGlobalSection
	GlobalSection(ProjectConfigurationPlatforms) = postSolution
		{46298F40-031E-495F-B8A8-07FD579EDEE7}.Debug|Any CPU.ActiveCfg = Debug|Any CPU
		{46298F40-031E-495F-B8A8-07FD579EDEE7}.Debug|Any CPU.Build.0 = Debug|Any CPU
		{46298F40-031E-495F-B8A8-07FD579EDEE7}.Release|Any CPU.ActiveCfg = Release|Any CPU
		{46298F40-031E-495F-B8A8-07FD579EDEE7}.Release|Any CPU.Build.0 = Release|Any CPU
	EndGlobalSection
	GlobalSection(SolutionProperties) = preSolution
		HideSolutionNode = FALSE
	EndGlobalSection
	GlobalSection(ExtensibilityGlobals) = postSolution
		SolutionGuid = {88858FE0-D0CF-4F6B-90E0-478385F360C7}
	EndGlobalSection
EndGlobal
