
Microsoft Visual Studio Solution File, Format Version 12.00
# Visual Studio Version 17
VisualStudioVersion = 17.3.32819.101
MinimumVisualStudioVersion = 10.0.40219.1
Project("{FAE04EC0-301F-11D3-BF4B-00C04F79EFBC}") = "AdapterPattern", "AdapterPattern\AdapterPattern.csproj", "{F77A430D-60BF-4D6D-BEA2-E220881230F2}"
EndProject
Project("{FAE04EC0-301F-11D3-BF4B-00C04F79EFBC}") = "BridgePattern", "BridgePattern\BridgePattern.csproj", "{8148CDF8-F672-467C-8EA8-0E03FB9F167B}"
EndProject
Global
	GlobalSection(SolutionConfigurationPlatforms) = preSolution
		Debug|Any CPU = Debug|Any CPU
		Release|Any CPU = Release|Any CPU
	EndGlobalSection
	GlobalSection(ProjectConfigurationPlatforms) = postSolution
		{F77A430D-60BF-4D6D-BEA2-E220881230F2}.Debug|Any CPU.ActiveCfg = Debug|Any CPU
		{F77A430D-60BF-4D6D-BEA2-E220881230F2}.Debug|Any CPU.Build.0 = Debug|Any CPU
		{F77A430D-60BF-4D6D-BEA2-E220881230F2}.Release|Any CPU.ActiveCfg = Release|Any CPU
		{F77A430D-60BF-4D6D-BEA2-E220881230F2}.Release|Any CPU.Build.0 = Release|Any CPU
		{8148CDF8-F672-467C-8EA8-0E03FB9F167B}.Debug|Any CPU.ActiveCfg = Debug|Any CPU
		{8148CDF8-F672-467C-8EA8-0E03FB9F167B}.Debug|Any CPU.Build.0 = Debug|Any CPU
		{8148CDF8-F672-467C-8EA8-0E03FB9F167B}.Release|Any CPU.ActiveCfg = Release|Any CPU
		{8148CDF8-F672-467C-8EA8-0E03FB9F167B}.Release|Any CPU.Build.0 = Release|Any CPU
	EndGlobalSection
	GlobalSection(SolutionProperties) = preSolution
		HideSolutionNode = FALSE
	EndGlobalSection
	GlobalSection(ExtensibilityGlobals) = postSolution
		SolutionGuid = {20F09710-9FDD-4ADF-A103-481E5340541E}
	EndGlobalSection
EndGlobal
