
Microsoft Visual Studio Solution File, Format Version 12.00
# Visual Studio Version 16
VisualStudioVersion = 16.0.31129.286
MinimumVisualStudioVersion = 10.0.40219.1
Project("{FAE04EC0-301F-11D3-BF4B-00C04F79EFBC}") = "NetLabs3", "NetLabs3\NetLabs3.csproj", "{30E02FAD-E20B-47F5-9292-C71F16815892}"
EndProject
Global
	GlobalSection(SolutionConfigurationPlatforms) = preSolution
		Debug|Any CPU = Debug|Any CPU
		Release|Any CPU = Release|Any CPU
	EndGlobalSection
	GlobalSection(ProjectConfigurationPlatforms) = postSolution
		{30E02FAD-E20B-47F5-9292-C71F16815892}.Debug|Any CPU.ActiveCfg = Debug|Any CPU
		{30E02FAD-E20B-47F5-9292-C71F16815892}.Debug|Any CPU.Build.0 = Debug|Any CPU
		{30E02FAD-E20B-47F5-9292-C71F16815892}.Release|Any CPU.ActiveCfg = Release|Any CPU
		{30E02FAD-E20B-47F5-9292-C71F16815892}.Release|Any CPU.Build.0 = Release|Any CPU
	EndGlobalSection
	GlobalSection(SolutionProperties) = preSolution
		HideSolutionNode = FALSE
	EndGlobalSection
	GlobalSection(ExtensibilityGlobals) = postSolution
		SolutionGuid = {DAF92E15-2C4A-44AD-BE2F-F7B454C57F44}
	EndGlobalSection
EndGlobal
