
Microsoft Visual Studio Solution File, Format Version 12.00
# Visual Studio Version 16
VisualStudioVersion = 16.0.32929.386
MinimumVisualStudioVersion = 10.0.40219.1
Project("{FAE04EC0-301F-11D3-BF4B-00C04F79EFBC}") = "LoggerLibrary", "LoggerLibrary\LoggerLibrary.csproj", "{B8A240E9-9AAF-4F9B-99B0-0944124A6F96}"
EndProject
Project("{FAE04EC0-301F-11D3-BF4B-00C04F79EFBC}") = "LoggerConsoleApp", "LoggerConsoleApp\LoggerConsoleApp.csproj", "{9EB3FC83-A48D-41D2-88CA-9FA6EBC5C1B6}"
EndProject
Global
	GlobalSection(SolutionConfigurationPlatforms) = preSolution
		Debug|Any CPU = Debug|Any CPU
		Release|Any CPU = Release|Any CPU
	EndGlobalSection
	GlobalSection(ProjectConfigurationPlatforms) = postSolution
		{B8A240E9-9AAF-4F9B-99B0-0944124A6F96}.Debug|Any CPU.ActiveCfg = Debug|Any CPU
		{B8A240E9-9AAF-4F9B-99B0-0944124A6F96}.Debug|Any CPU.Build.0 = Debug|Any CPU
		{B8A240E9-9AAF-4F9B-99B0-0944124A6F96}.Release|Any CPU.ActiveCfg = Release|Any CPU
		{B8A240E9-9AAF-4F9B-99B0-0944124A6F96}.Release|Any CPU.Build.0 = Release|Any CPU
		{9EB3FC83-A48D-41D2-88CA-9FA6EBC5C1B6}.Debug|Any CPU.ActiveCfg = Debug|Any CPU
		{9EB3FC83-A48D-41D2-88CA-9FA6EBC5C1B6}.Debug|Any CPU.Build.0 = Debug|Any CPU
		{9EB3FC83-A48D-41D2-88CA-9FA6EBC5C1B6}.Release|Any CPU.ActiveCfg = Release|Any CPU
		{9EB3FC83-A48D-41D2-88CA-9FA6EBC5C1B6}.Release|Any CPU.Build.0 = Release|Any CPU
	EndGlobalSection
	GlobalSection(SolutionProperties) = preSolution
		HideSolutionNode = FALSE
	EndGlobalSection
	GlobalSection(ExtensibilityGlobals) = postSolution
		SolutionGuid = {D4FB6B07-7960-4DA7-A8C6-054157A2DB2F}
	EndGlobalSection
EndGlobal
