
Microsoft Visual Studio Solution File, Format Version 12.00
# Visual Studio Version 17
VisualStudioVersion = 17.3.32819.101
MinimumVisualStudioVersion = 10.0.40219.1
Project("{FAE04EC0-301F-11D3-BF4B-00C04F79EFBC}") = "ddd_lab_2", "ddd_lab_2\ddd_lab_2.csproj", "{DADC2477-5305-4D6C-A696-1B0F4E52E820}"
EndProject
Global
	GlobalSection(SolutionConfigurationPlatforms) = preSolution
		Debug|Any CPU = Debug|Any CPU
		Release|Any CPU = Release|Any CPU
	EndGlobalSection
	GlobalSection(ProjectConfigurationPlatforms) = postSolution
		{DADC2477-5305-4D6C-A696-1B0F4E52E820}.Debug|Any CPU.ActiveCfg = Debug|Any CPU
		{DADC2477-5305-4D6C-A696-1B0F4E52E820}.Debug|Any CPU.Build.0 = Debug|Any CPU
		{DADC2477-5305-4D6C-A696-1B0F4E52E820}.Release|Any CPU.ActiveCfg = Release|Any CPU
		{DADC2477-5305-4D6C-A696-1B0F4E52E820}.Release|Any CPU.Build.0 = Release|Any CPU
	EndGlobalSection
	GlobalSection(SolutionProperties) = preSolution
		HideSolutionNode = FALSE
	EndGlobalSection
	GlobalSection(ExtensibilityGlobals) = postSolution
		SolutionGuid = {E09C13AA-73E1-4213-9C76-537FB0E848B6}
	EndGlobalSection
EndGlobal
